
Microsoft Visual Studio Solution File, Format Version 12.00
# Visual Studio 2012
Project("{FAE04EC0-301F-11D3-BF4B-00C04F79EFBC}") = "Boxcar.Notification.Api", "Boxcar.Notification.Api.csproj", "{9ADF4C79-A72F-42FB-8130-7F14CED9C34E}"
EndProject
Global
	GlobalSection(SolutionConfigurationPlatforms) = preSolution
		Debug|Any CPU = Debug|Any CPU
		Release|Any CPU = Release|Any CPU
	EndGlobalSection
	GlobalSection(ProjectConfigurationPlatforms) = postSolution
		{9ADF4C79-A72F-42FB-8130-7F14CED9C34E}.Debug|Any CPU.ActiveCfg = Debug|Any CPU
		{9ADF4C79-A72F-42FB-8130-7F14CED9C34E}.Debug|Any CPU.Build.0 = Debug|Any CPU
		{9ADF4C79-A72F-42FB-8130-7F14CED9C34E}.Release|Any CPU.ActiveCfg = Release|Any CPU
		{9ADF4C79-A72F-42FB-8130-7F14CED9C34E}.Release|Any CPU.Build.0 = Release|Any CPU
	EndGlobalSection
	GlobalSection(SolutionProperties) = preSolution
		HideSolutionNode = FALSE
	EndGlobalSection
EndGlobal
